// !$*UTF8*$!
{
	archiveVersion = 1;
	classes = {
	};
	objectVersion = 46;
	objects = {

/* Begin PBXBuildFile section */
		F2EF89031DA4F76F0099F1EE /* AppDelegate.swift in Sources */ = {isa = PBXBuildFile; fileRef = F2EF89021DA4F76F0099F1EE /* AppDelegate.swift */; };
		F2EF89051DA4F76F0099F1EE /* ViewController.swift in Sources */ = {isa = PBXBuildFile; fileRef = F2EF89041DA4F76F0099F1EE /* ViewController.swift */; };
		F2EF89081DA4F76F0099F1EE /* Main.storyboard in Resources */ = {isa = PBXBuildFile; fileRef = F2EF89061DA4F76F0099F1EE /* Main.storyboard */; };
		F2EF890A1DA4F76F0099F1EE /* Assets.xcassets in Resources */ = {isa = PBXBuildFile; fileRef = F2EF89091DA4F76F0099F1EE /* Assets.xcassets */; };
		F2EF890D1DA4F76F0099F1EE /* LaunchScreen.storyboard in Resources */ = {isa = PBXBuildFile; fileRef = F2EF890B1DA4F76F0099F1EE /* LaunchScreen.storyboard */; };
/* End PBXBuildFile section */

/* Begin PBXFileReference section */
		F2EF88FF1DA4F76E0099F1EE /* bmobyios.app */ = {isa = PBXFileReference; explicitFileType = wrapper.application; includeInIndex = 0; path = bmobyios.app; sourceTree = BUILT_PRODUCTS_DIR; };
		F2EF89021DA4F76F0099F1EE /* AppDelegate.swift */ = {isa = PBXFileReference; lastKnownFileType = sourcecode.swift; path = AppDelegate.swift; sourceTree = "<group>"; };
		F2EF89041DA4F76F0099F1EE /* ViewController.swift */ = {isa = PBXFileReference; lastKnownFileType = sourcecode.swift; path = ViewController.swift; sourceTree = "<group>"; };
		F2EF89071DA4F76F0099F1EE /* Base */ = {isa = PBXFileReference; lastKnownFileType = file.storyboard; name = Base; path = Base.lproj/Main.storyboard; sourceTree = "<group>"; };
		F2EF89091DA4F76F0099F1EE /* Assets.xcassets */ = {isa = PBXFileReference; lastKnownFileType = folder.assetcatalog; path = Assets.xcassets; sourceTree = "<group>"; };
		F2EF890C1DA4F76F0099F1EE /* Base */ = {isa = PBXFileReference; lastKnownFileType = file.storyboard; name = Base; path = Base.lproj/LaunchScreen.storyboard; sourceTree = "<group>"; };
		F2EF890E1DA4F76F0099F1EE /* Info.plist */ = {isa = PBXFileReference; lastKnownFileType = text.plist.xml; path = Info.plist; sourceTree = "<group>"; };
/* End PBXFileReference section */

/* Begin PBXFrameworksBuildPhase section */
		F2EF88FC1DA4F76E0099F1EE /* Frameworks */ = {
			isa = PBXFrameworksBuildPhase;
			buildActionMask = 2147483647;
			files = (
			);
			runOnlyForDeploymentPostprocessing = 0;
		};
/* End PBXFrameworksBuildPhase section */

/* Begin PBXGroup section */
		F2EF88F61DA4F76D0099F1EE = {
			isa = PBXGroup;
			children = (
				F2EF89011DA4F76F0099F1EE /* bmobyios */,
				F2EF89001DA4F76E0099F1EE /* Products */,
			);
			sourceTree = "<group>";
		};
		F2EF89001DA4F76E0099F1EE /* Products */ = {
			isa = PBXGroup;
			children = (
				F2EF88FF1DA4F76E0099F1EE /* bmobyios.app */,
			);
			name = Products;
			sourceTree = "<group>";
		};
		F2EF89011DA4F76F0099F1EE /* bmobyios */ = {
			isa = PBXGroup;
			children = (
				F2EF89021DA4F76F0099F1EE /* AppDelegate.swift */,
				F2EF89041DA4F76F0099F1EE /* ViewController.swift */,
				F2EF89061DA4F76F0099F1EE /* Main.storyboard */,
				F2EF89091DA4F76F0099F1EE /* Assets.xcassets */,
				F2EF890B1DA4F76F0099F1EE /* LaunchScreen.storyboard */,
				F2EF890E1DA4F76F0099F1EE /* Info.plist */,
			);
			path = bmobyios;
			sourceTree = "<group>";
		};
/* End PBXGroup section */

/* Begin PBXNativeTarget section */
		F2EF88FE1DA4F76E0099F1EE /* bmobyios */ = {
			isa = PBXNativeTarget;
			buildConfigurationList = F2EF89111DA4F76F0099F1EE /* Build configuration list for PBXNativeTarget "bmobyios" */;
			buildPhases = (
				F2EF88FB1DA4F76E0099F1EE /* Sources */,
				F2EF88FC1DA4F76E0099F1EE /* Frameworks */,
				F2EF88FD1DA4F76E0099F1EE /* Resources */,
			);
			buildRules = (
			);
			dependencies = (
			);
			name = bmobyios;
			productName = bmobyios;
			productReference = F2EF88FF1DA4F76E0099F1EE /* bmobyios.app */;
			productType = "com.apple.product-type.application";
		};
/* End PBXNativeTarget section */

/* Begin PBXProject section */
		F2EF88F71DA4F76D0099F1EE /* Project object */ = {
			isa = PBXProject;
			attributes = {
				LastSwiftUpdateCheck = 0730;
				LastUpgradeCheck = 0730;
				ORGANIZATIONNAME = bmoby;
				TargetAttributes = {
					F2EF88FE1DA4F76E0099F1EE = {
						CreatedOnToolsVersion = 7.3.1;
						DevelopmentTeam = RQ8MG6H549;
					};
				};
			};
			buildConfigurationList = F2EF88FA1DA4F76D0099F1EE /* Build configuration list for PBXProject "bmobyios" */;
			compatibilityVersion = "Xcode 3.2";
			developmentRegion = English;
			hasScannedForEncodings = 0;
			knownRegions = (
				en,
				Base,
			);
			mainGroup = F2EF88F61DA4F76D0099F1EE;
			productRefGroup = F2EF89001DA4F76E0099F1EE /* Products */;
			projectDirPath = "";
			projectRoot = "";
			targets = (
				F2EF88FE1DA4F76E0099F1EE /* bmobyios */,
			);
		};
/* End PBXProject section */

/* Begin PBXResourcesBuildPhase section */
		F2EF88FD1DA4F76E0099F1EE /* Resources */ = {
			isa = PBXResourcesBuildPhase;
			buildActionMask = 2147483647;
			files = (
				F2EF890D1DA4F76F0099F1EE /* LaunchScreen.storyboard in Resources */,
				F2EF890A1DA4F76F0099F1EE /* Assets.xcassets in Resources */,
				F2EF89081DA4F76F0099F1EE /* Main.storyboard in Resources */,
			);
			runOnlyForDeploymentPostprocessing = 0;
		};
/* End PBXResourcesBuildPhase section */

/* Begin PBXSourcesBuildPhase section */
		F2EF88FB1DA4F76E0099F1EE /* Sources */ = {
			isa = PBXSourcesBuildPhase;
			buildActionMask = 2147483647;
			files = (
				F2EF89051DA4F76F0099F1EE /* ViewController.swift in Sources */,
				F2EF89031DA4F76F0099F1EE /* AppDelegate.swift in Sources */,
			);
			runOnlyForDeploymentPostprocessing = 0;
		};
/* End PBXSourcesBuildPhase section */

/* Begin PBXVariantGroup section */
		F2EF89061DA4F76F0099F1EE /* Main.storyboard */ = {
			isa = PBXVariantGroup;
			children = (
				F2EF89071DA4F76F0099F1EE /* Base */,
			);
			name = Main.storyboard;
			sourceTree = "<group>";
		};
		F2EF890B1DA4F76F0099F1EE /* LaunchScreen.storyboard */ = {
			isa = PBXVariantGroup;
			children = (
				F2EF890C1DA4F76F0099F1EE /* Base */,
			);
			name = LaunchScreen.storyboard;
			sourceTree = "<group>";
		};
/* End PBXVariantGroup section */

/* Begin XCBuildConfiguration section */
		F2EF890F1DA4F76F0099F1EE /* Debug */ = {
			isa = XCBuildConfiguration;
			buildSettings = {
				ALWAYS_SEARCH_USER_PATHS = NO;
				CLANG_ANALYZER_NONNULL = YES;
				CLANG_CXX_LANGUAGE_STANDARD = "gnu++0x";
				CLANG_CXX_LIBRARY = "libc++";
				CLANG_ENABLE_MODULES = YES;
				CLANG_ENABLE_OBJC_ARC = YES;
				CLANG_WARN_BOOL_CONVERSION = YES;
				CLANG_WARN_CONSTANT_CONVERSION = YES;
				CLANG_WARN_DIRECT_OBJC_ISA_USAGE = YES_ERROR;
				CLANG_WARN_EMPTY_BODY = YES;
				CLANG_WARN_ENUM_CONVERSION = YES;
				CLANG_WARN_INT_CONVERSION = YES;
				CLANG_WARN_OBJC_ROOT_CLASS = YES_ERROR;
				CLANG_WARN_UNREACHABLE_CODE = YES;
				CLANG_WARN__DUPLICATE_METHOD_MATCH = YES;
				"CODE_SIGN_IDENTITY[sdk=iphoneos*]" = "iPhone Developer";
				COPY_PHASE_STRIP = NO;
				DEBUG_INFORMATION_FORMAT = dwarf;
				ENABLE_STRICT_OBJC_MSGSEND = YES;
				ENABLE_TESTABILITY = YES;
				GCC_C_LANGUAGE_STANDARD = gnu99;
				GCC_DYNAMIC_NO_PIC = NO;
				GCC_NO_COMMON_BLOCKS = YES;
				GCC_OPTIMIZATION_LEVEL = 0;
				GCC_PREPROCESSOR_DEFINITIONS = (
					"DEBUG=1",
					"$(inherited)",
				);
				GCC_WARN_64_TO_32_BIT_CONVERSION = YES;
				GCC_WARN_ABOUT_RETURN_TYPE = YES_ERROR;
				GCC_WARN_UNDECLARED_SELECTOR = YES;
				GCC_WARN_UNINITIALIZED_AUTOS = YES_AGGRESSIVE;
				GCC_WARN_UNUSED_FUNCTION = YES;
				GCC_WARN_UNUSED_VARIABLE = YES;
				IPHONEOS_DEPLOYMENT_TARGET = 9.3;
				MTL_ENABLE_DEBUG_INFO = YES;
				ONLY_ACTIVE_ARCH = YES;
				SDKROOT = iphoneos;
				SWIFT_OPTIMIZATION_LEVEL = "-Onone";
			};
			name = Debug;
		};
		F2EF89101DA4F76F0099F1EE /* Release */ = {
			isa = XCBuildConfiguration;
			buildSettings = {
				ALWAYS_SEARCH_USER_PATHS = NO;
				CLANG_ANALYZER_NONNULL = YES;
				CLANG_CXX_LANGUAGE_STANDARD = "gnu++0x";
				CLANG_CXX_LIBRARY = "libc++";
				CLANG_ENABLE_MODULES = YES;
				CLANG_ENABLE_OBJC_ARC = YES;
				CLANG_WARN_BOOL_CONVERSION = YES;
				CLANG_WARN_CONSTANT_CONVERSION = YES;
				CLANG_WARN_DIRECT_OBJC_ISA_USAGE = YES_ERROR;
				CLANG_WARN_EMPTY_BODY = YES;
				CLANG_WARN_ENUM_CONVERSION = YES;
				CLANG_WARN_INT_CONVERSION = YES;
				CLANG_WARN_OBJC_ROOT_CLASS = YES_ERROR;
				CLANG_WARN_UNREACHABLE_CODE = YES;
				CLANG_WARN__DUPLICATE_METHOD_MATCH = YES;
				"CODE_SIGN_IDENTITY[sdk=iphoneos*]" = "iPhone Developer";
				COPY_PHASE_STRIP = NO;
				DEBUG_INFORMATION_FORMAT = "dwarf-with-dsym";
				ENABLE_NS_ASSERTIONS = NO;
				ENABLE_STRICT_OBJC_MSGSEND = YES;
				GCC_C_LANGUAGE_STANDARD = gnu99;
				GCC_NO_COMMON_BLOCKS = YES;
				GCC_WARN_64_TO_32_BIT_CONVERSION = YES;
				GCC_WARN_ABOUT_RETURN_TYPE = YES_ERROR;
				GCC_WARN_UNDECLARED_SELECTOR = YES;
				GCC_WARN_UNINITIALIZED_AUTOS = YES_AGGRESSIVE;
				GCC_WARN_UNUSED_FUNCTION = YES;
				GCC_WARN_UNUSED_VARIABLE = YES;
				IPHONEOS_DEPLOYMENT_TARGET = 9.3;
				MTL_ENABLE_DEBUG_INFO = NO;
				SDKROOT = iphoneos;
				VALIDATE_PRODUCT = YES;
			};
			name = Release;
		};
		F2EF89121DA4F76F0099F1EE /* Debug */ = {
			isa = XCBuildConfiguration;
			buildSettings = {
				ASSETCATALOG_COMPILER_APPICON_NAME = AppIcon;
				INFOPLIST_FILE = bmobyios/Info.plist;
				LD_RUNPATH_SEARCH_PATHS = "$(inherited) @executable_path/Frameworks";
				PRODUCT_BUNDLE_IDENTIFIER = os.bmobyios;
				PRODUCT_NAME = "$(TARGET_NAME)";
			};
			name = Debug;
		};
		F2EF89131DA4F76F0099F1EE /* Release */ = {
			isa = XCBuildConfiguration;
			buildSettings = {
				ASSETCATALOG_COMPILER_APPICON_NAME = AppIcon;
				INFOPLIST_FILE = bmobyios/Info.plist;
				LD_RUNPATH_SEARCH_PATHS = "$(inherited) @executable_path/Frameworks";
				PRODUCT_BUNDLE_IDENTIFIER = os.bmobyios;
				PRODUCT_NAME = "$(TARGET_NAME)";
			};
			name = Release;
		};
/* End XCBuildConfiguration section */

/* Begin XCConfigurationList section */
		F2EF88FA1DA4F76D0099F1EE /* Build configuration list for PBXProject "bmobyios" */ = {
			isa = XCConfigurationList;
			buildConfigurations = (
				F2EF890F1DA4F76F0099F1EE /* Debug */,
				F2EF89101DA4F76F0099F1EE /* Release */,
			);
			defaultConfigurationIsVisible = 0;
			defaultConfigurationName = Release;
		};
		F2EF89111DA4F76F0099F1EE /* Build configuration list for PBXNativeTarget "bmobyios" */ = {
			isa = XCConfigurationList;
			buildConfigurations = (
				F2EF89121DA4F76F0099F1EE /* Debug */,
				F2EF89131DA4F76F0099F1EE /* Release */,
			);
			defaultConfigurationIsVisible = 0;
		};
/* End XCConfigurationList section */
	};
	rootObject = F2EF88F71DA4F76D0099F1EE /* Project object */;
}
