// !$*UTF8*$!
{
	archiveVersion = 1;
	classes = {
	};
	objectVersion = 46;
	objects = {

/* Begin PBXBuildFile section */
		60C5E2ABC7763779DC608094 /* Pods_bmobyios.framework in Frameworks */ = {isa = PBXBuildFile; fileRef = 1B230A8913B718AD508D7447 /* Pods_bmobyios.framework */; };
		870B6DB01DABA060004F193A /* adressMapVC.swift in Sources */ = {isa = PBXBuildFile; fileRef = 870B6DAF1DABA060004F193A /* adressMapVC.swift */; };
		87E74B331DABA1070058B281 /* createListing.storyboard in Resources */ = {isa = PBXBuildFile; fileRef = 87E74B321DABA1070058B281 /* createListing.storyboard */; };
		87E74B351DABA1A70058B281 /* adressSearchTC.swift in Sources */ = {isa = PBXBuildFile; fileRef = 87E74B341DABA1A70058B281 /* adressSearchTC.swift */; };
		87E74B371DABA1E20058B281 /* annotationNSO.swift in Sources */ = {isa = PBXBuildFile; fileRef = 87E74B361DABA1E20058B281 /* annotationNSO.swift */; };
		87E74B391DABA2150058B281 /* adressAnnotView.swift in Sources */ = {isa = PBXBuildFile; fileRef = 87E74B381DABA2150058B281 /* adressAnnotView.swift */; };
		F2438D331DAFD2D800E41044 /* homePage.swift in Sources */ = {isa = PBXBuildFile; fileRef = F2438D321DAFD2D800E41044 /* homePage.swift */; };
		F24F37851DB10F840044EED3 /* emailNotVerifiedVC.swift in Sources */ = {isa = PBXBuildFile; fileRef = F24F37841DB10F840044EED3 /* emailNotVerifiedVC.swift */; };
		F24F37871DB600190044EED3 /* forgotVC.swift in Sources */ = {isa = PBXBuildFile; fileRef = F24F37861DB600190044EED3 /* forgotVC.swift */; };
		F27C93CC1DA6551400FB5457 /* languageCellVC.swift in Sources */ = {isa = PBXBuildFile; fileRef = F27C93CB1DA6551400FB5457 /* languageCellVC.swift */; };
		F27C93D21DA6917E00FB5457 /* languageTVC.swift in Sources */ = {isa = PBXBuildFile; fileRef = F27C93D11DA6917E00FB5457 /* languageTVC.swift */; };
		F27C93D41DA6BA2C00FB5457 /* language.swift in Sources */ = {isa = PBXBuildFile; fileRef = F27C93D31DA6BA2C00FB5457 /* language.swift */; };
		F27C93D61DAA9D9800FB5457 /* user.swift in Sources */ = {isa = PBXBuildFile; fileRef = F27C93D51DAA9D9800FB5457 /* user.swift */; };
		F27C93E41DAB92CE00FB5457 /* SignIn.storyboard in Resources */ = {isa = PBXBuildFile; fileRef = F27C93E21DAB92CE00FB5457 /* SignIn.storyboard */; };
		F27C93EA1DAB97C300FB5457 /* Main.storyboard in Resources */ = {isa = PBXBuildFile; fileRef = F27C93E91DAB97C300FB5457 /* Main.storyboard */; };
		F2EF89031DA4F76F0099F1EE /* AppDelegate.swift in Sources */ = {isa = PBXBuildFile; fileRef = F2EF89021DA4F76F0099F1EE /* AppDelegate.swift */; };
		F2EF890A1DA4F76F0099F1EE /* Assets.xcassets in Resources */ = {isa = PBXBuildFile; fileRef = F2EF89091DA4F76F0099F1EE /* Assets.xcassets */; };
		F2EF890D1DA4F76F0099F1EE /* LaunchScreen.storyboard in Resources */ = {isa = PBXBuildFile; fileRef = F2EF890B1DA4F76F0099F1EE /* LaunchScreen.storyboard */; };
		F2EF89151DA4F94B0099F1EE /* connectionVC.swift in Sources */ = {isa = PBXBuildFile; fileRef = F2EF89141DA4F94B0099F1EE /* connectionVC.swift */; };
		F2EF89191DA4FACC0099F1EE /* SystemConfiguration.framework in Frameworks */ = {isa = PBXBuildFile; fileRef = F2EF89181DA4FACC0099F1EE /* SystemConfiguration.framework */; };
		F2EF891B1DA4FAE00099F1EE /* StoreKit.framework in Frameworks */ = {isa = PBXBuildFile; fileRef = F2EF891A1DA4FAE00099F1EE /* StoreKit.framework */; };
		F2EF891D1DA4FAF00099F1EE /* Security.framework in Frameworks */ = {isa = PBXBuildFile; fileRef = F2EF891C1DA4FAF00099F1EE /* Security.framework */; };
		F2EF891F1DA4FB060099F1EE /* QuartzCore.framework in Frameworks */ = {isa = PBXBuildFile; fileRef = F2EF891E1DA4FB060099F1EE /* QuartzCore.framework */; };
		F2EF89211DA4FB150099F1EE /* CoreLocation.framework in Frameworks */ = {isa = PBXBuildFile; fileRef = F2EF89201DA4FB140099F1EE /* CoreLocation.framework */; };
		F2EF89231DA4FB2E0099F1EE /* CoreGraphics.framework in Frameworks */ = {isa = PBXBuildFile; fileRef = F2EF89221DA4FB2E0099F1EE /* CoreGraphics.framework */; };
		F2EF89251DA4FB390099F1EE /* CFNetwork.framework in Frameworks */ = {isa = PBXBuildFile; fileRef = F2EF89241DA4FB390099F1EE /* CFNetwork.framework */; };
		F2EF89271DA4FB530099F1EE /* AudioToolbox.framework in Frameworks */ = {isa = PBXBuildFile; fileRef = F2EF89261DA4FB530099F1EE /* AudioToolbox.framework */; };
		F2EF892B1DA4FCE80099F1EE /* Bolts.framework in Frameworks */ = {isa = PBXBuildFile; fileRef = F2EF89291DA4FCE80099F1EE /* Bolts.framework */; };
		F2EF892C1DA4FCE80099F1EE /* Parse.framework in Frameworks */ = {isa = PBXBuildFile; fileRef = F2EF892A1DA4FCE80099F1EE /* Parse.framework */; };
		F2EF892E1DA516890099F1EE /* registrationVC.swift in Sources */ = {isa = PBXBuildFile; fileRef = F2EF892D1DA516890099F1EE /* registrationVC.swift */; };
		F2EF89301DA536CD0099F1EE /* registration2stepVC.swift in Sources */ = {isa = PBXBuildFile; fileRef = F2EF892F1DA536CD0099F1EE /* registration2stepVC.swift */; };
		F2EF89321DA542D10099F1EE /* libz.tbd in Frameworks */ = {isa = PBXBuildFile; fileRef = F2EF89311DA542D10099F1EE /* libz.tbd */; };
		F2EF89341DA542EA0099F1EE /* libsqlite3.tbd in Frameworks */ = {isa = PBXBuildFile; fileRef = F2EF89331DA542EA0099F1EE /* libsqlite3.tbd */; };
		F2EF89361DA56DCE0099F1EE /* registration3stepVC.swift in Sources */ = {isa = PBXBuildFile; fileRef = F2EF89351DA56DCE0099F1EE /* registration3stepVC.swift */; };
/* End PBXBuildFile section */

/* Begin PBXFileReference section */
		1B230A8913B718AD508D7447 /* Pods_bmobyios.framework */ = {isa = PBXFileReference; explicitFileType = wrapper.framework; includeInIndex = 0; path = Pods_bmobyios.framework; sourceTree = BUILT_PRODUCTS_DIR; };
		870B6DAF1DABA060004F193A /* adressMapVC.swift */ = {isa = PBXFileReference; fileEncoding = 4; lastKnownFileType = sourcecode.swift; path = adressMapVC.swift; sourceTree = "<group>"; };
		87E74B321DABA1070058B281 /* createListing.storyboard */ = {isa = PBXFileReference; fileEncoding = 4; lastKnownFileType = file.storyboard; path = createListing.storyboard; sourceTree = "<group>"; };
		87E74B341DABA1A70058B281 /* adressSearchTC.swift */ = {isa = PBXFileReference; fileEncoding = 4; lastKnownFileType = sourcecode.swift; path = adressSearchTC.swift; sourceTree = "<group>"; };
		87E74B361DABA1E20058B281 /* annotationNSO.swift */ = {isa = PBXFileReference; fileEncoding = 4; lastKnownFileType = sourcecode.swift; path = annotationNSO.swift; sourceTree = "<group>"; };
		87E74B381DABA2150058B281 /* adressAnnotView.swift */ = {isa = PBXFileReference; fileEncoding = 4; lastKnownFileType = sourcecode.swift; path = adressAnnotView.swift; sourceTree = "<group>"; };
		B77D994D97BC0913A4E441A9 /* Pods-bmobyios.release.xcconfig */ = {isa = PBXFileReference; includeInIndex = 1; lastKnownFileType = text.xcconfig; name = "Pods-bmobyios.release.xcconfig"; path = "Pods/Target Support Files/Pods-bmobyios/Pods-bmobyios.release.xcconfig"; sourceTree = "<group>"; };
		D9CA30C652E1F3BE47C1DE8C /* Pods-bmobyios.debug.xcconfig */ = {isa = PBXFileReference; includeInIndex = 1; lastKnownFileType = text.xcconfig; name = "Pods-bmobyios.debug.xcconfig"; path = "Pods/Target Support Files/Pods-bmobyios/Pods-bmobyios.debug.xcconfig"; sourceTree = "<group>"; };
		F2438D2F1DAFC73100E41044 /* bmobyios-Bridging-Header.h */ = {isa = PBXFileReference; lastKnownFileType = sourcecode.c.h; path = "bmobyios-Bridging-Header.h"; sourceTree = "<group>"; };
		F2438D321DAFD2D800E41044 /* homePage.swift */ = {isa = PBXFileReference; fileEncoding = 4; lastKnownFileType = sourcecode.swift; path = homePage.swift; sourceTree = "<group>"; };
		F24F37841DB10F840044EED3 /* emailNotVerifiedVC.swift */ = {isa = PBXFileReference; fileEncoding = 4; lastKnownFileType = sourcecode.swift; path = emailNotVerifiedVC.swift; sourceTree = "<group>"; };
		F24F37861DB600190044EED3 /* forgotVC.swift */ = {isa = PBXFileReference; fileEncoding = 4; lastKnownFileType = sourcecode.swift; path = forgotVC.swift; sourceTree = "<group>"; };
		F27C93CB1DA6551400FB5457 /* languageCellVC.swift */ = {isa = PBXFileReference; fileEncoding = 4; lastKnownFileType = sourcecode.swift; path = languageCellVC.swift; sourceTree = "<group>"; };
		F27C93D11DA6917E00FB5457 /* languageTVC.swift */ = {isa = PBXFileReference; fileEncoding = 4; lastKnownFileType = sourcecode.swift; path = languageTVC.swift; sourceTree = "<group>"; };
		F27C93D31DA6BA2C00FB5457 /* language.swift */ = {isa = PBXFileReference; fileEncoding = 4; lastKnownFileType = sourcecode.swift; path = language.swift; sourceTree = "<group>"; };
		F27C93D51DAA9D9800FB5457 /* user.swift */ = {isa = PBXFileReference; fileEncoding = 4; lastKnownFileType = sourcecode.swift; path = user.swift; sourceTree = "<group>"; };
		F27C93E31DAB92CE00FB5457 /* Base */ = {isa = PBXFileReference; lastKnownFileType = file.storyboard; name = Base; path = Base.lproj/SignIn.storyboard; sourceTree = "<group>"; };
		F27C93E91DAB97C300FB5457 /* Main.storyboard */ = {isa = PBXFileReference; fileEncoding = 4; lastKnownFileType = file.storyboard; path = Main.storyboard; sourceTree = "<group>"; };
		F2EF88FF1DA4F76E0099F1EE /* bmobyios.app */ = {isa = PBXFileReference; explicitFileType = wrapper.application; includeInIndex = 0; path = bmobyios.app; sourceTree = BUILT_PRODUCTS_DIR; };
		F2EF89021DA4F76F0099F1EE /* AppDelegate.swift */ = {isa = PBXFileReference; lastKnownFileType = sourcecode.swift; path = AppDelegate.swift; sourceTree = "<group>"; };
		F2EF89091DA4F76F0099F1EE /* Assets.xcassets */ = {isa = PBXFileReference; lastKnownFileType = folder.assetcatalog; path = Assets.xcassets; sourceTree = "<group>"; };
		F2EF890C1DA4F76F0099F1EE /* Base */ = {isa = PBXFileReference; lastKnownFileType = file.storyboard; name = Base; path = Base.lproj/LaunchScreen.storyboard; sourceTree = "<group>"; };
		F2EF890E1DA4F76F0099F1EE /* Info.plist */ = {isa = PBXFileReference; lastKnownFileType = text.plist.xml; path = Info.plist; sourceTree = "<group>"; };
		F2EF89141DA4F94B0099F1EE /* connectionVC.swift */ = {isa = PBXFileReference; fileEncoding = 4; lastKnownFileType = sourcecode.swift; path = connectionVC.swift; sourceTree = "<group>"; };
		F2EF89181DA4FACC0099F1EE /* SystemConfiguration.framework */ = {isa = PBXFileReference; lastKnownFileType = wrapper.framework; name = SystemConfiguration.framework; path = System/Library/Frameworks/SystemConfiguration.framework; sourceTree = SDKROOT; };
		F2EF891A1DA4FAE00099F1EE /* StoreKit.framework */ = {isa = PBXFileReference; lastKnownFileType = wrapper.framework; name = StoreKit.framework; path = System/Library/Frameworks/StoreKit.framework; sourceTree = SDKROOT; };
		F2EF891C1DA4FAF00099F1EE /* Security.framework */ = {isa = PBXFileReference; lastKnownFileType = wrapper.framework; name = Security.framework; path = System/Library/Frameworks/Security.framework; sourceTree = SDKROOT; };
		F2EF891E1DA4FB060099F1EE /* QuartzCore.framework */ = {isa = PBXFileReference; lastKnownFileType = wrapper.framework; name = QuartzCore.framework; path = System/Library/Frameworks/QuartzCore.framework; sourceTree = SDKROOT; };
		F2EF89201DA4FB140099F1EE /* CoreLocation.framework */ = {isa = PBXFileReference; lastKnownFileType = wrapper.framework; name = CoreLocation.framework; path = System/Library/Frameworks/CoreLocation.framework; sourceTree = SDKROOT; };
		F2EF89221DA4FB2E0099F1EE /* CoreGraphics.framework */ = {isa = PBXFileReference; lastKnownFileType = wrapper.framework; name = CoreGraphics.framework; path = System/Library/Frameworks/CoreGraphics.framework; sourceTree = SDKROOT; };
		F2EF89241DA4FB390099F1EE /* CFNetwork.framework */ = {isa = PBXFileReference; lastKnownFileType = wrapper.framework; name = CFNetwork.framework; path = System/Library/Frameworks/CFNetwork.framework; sourceTree = SDKROOT; };
		F2EF89261DA4FB530099F1EE /* AudioToolbox.framework */ = {isa = PBXFileReference; lastKnownFileType = wrapper.framework; name = AudioToolbox.framework; path = System/Library/Frameworks/AudioToolbox.framework; sourceTree = SDKROOT; };
		F2EF89291DA4FCE80099F1EE /* Bolts.framework */ = {isa = PBXFileReference; lastKnownFileType = wrapper.framework; path = Bolts.framework; sourceTree = "<group>"; };
		F2EF892A1DA4FCE80099F1EE /* Parse.framework */ = {isa = PBXFileReference; lastKnownFileType = wrapper.framework; path = Parse.framework; sourceTree = "<group>"; };
		F2EF892D1DA516890099F1EE /* registrationVC.swift */ = {isa = PBXFileReference; fileEncoding = 4; lastKnownFileType = sourcecode.swift; path = registrationVC.swift; sourceTree = "<group>"; };
		F2EF892F1DA536CD0099F1EE /* registration2stepVC.swift */ = {isa = PBXFileReference; fileEncoding = 4; lastKnownFileType = sourcecode.swift; name = registration2stepVC.swift; path = ../registration2stepVC.swift; sourceTree = "<group>"; };
		F2EF89311DA542D10099F1EE /* libz.tbd */ = {isa = PBXFileReference; lastKnownFileType = "sourcecode.text-based-dylib-definition"; name = libz.tbd; path = usr/lib/libz.tbd; sourceTree = SDKROOT; };
		F2EF89331DA542EA0099F1EE /* libsqlite3.tbd */ = {isa = PBXFileReference; lastKnownFileType = "sourcecode.text-based-dylib-definition"; name = libsqlite3.tbd; path = usr/lib/libsqlite3.tbd; sourceTree = SDKROOT; };
		F2EF89351DA56DCE0099F1EE /* registration3stepVC.swift */ = {isa = PBXFileReference; fileEncoding = 4; lastKnownFileType = sourcecode.swift; path = registration3stepVC.swift; sourceTree = "<group>"; };
/* End PBXFileReference section */

/* Begin PBXFrameworksBuildPhase section */
		F2EF88FC1DA4F76E0099F1EE /* Frameworks */ = {
			isa = PBXFrameworksBuildPhase;
			buildActionMask = 2147483647;
			files = (
				F2EF89341DA542EA0099F1EE /* libsqlite3.tbd in Frameworks */,
				F2EF89321DA542D10099F1EE /* libz.tbd in Frameworks */,
				F2EF89271DA4FB530099F1EE /* AudioToolbox.framework in Frameworks */,
				F2EF89251DA4FB390099F1EE /* CFNetwork.framework in Frameworks */,
				F2EF89231DA4FB2E0099F1EE /* CoreGraphics.framework in Frameworks */,
				F2EF89211DA4FB150099F1EE /* CoreLocation.framework in Frameworks */,
				F2EF892C1DA4FCE80099F1EE /* Parse.framework in Frameworks */,
				F2EF891F1DA4FB060099F1EE /* QuartzCore.framework in Frameworks */,
				F2EF891D1DA4FAF00099F1EE /* Security.framework in Frameworks */,
				F2EF892B1DA4FCE80099F1EE /* Bolts.framework in Frameworks */,
				F2EF891B1DA4FAE00099F1EE /* StoreKit.framework in Frameworks */,
				F2EF89191DA4FACC0099F1EE /* SystemConfiguration.framework in Frameworks */,
				60C5E2ABC7763779DC608094 /* Pods_bmobyios.framework in Frameworks */,
			);
			runOnlyForDeploymentPostprocessing = 0;
		};
/* End PBXFrameworksBuildPhase section */

/* Begin PBXGroup section */
		84B6C7AE9E98FC51B77C2BDE /* Pods */ = {
			isa = PBXGroup;
			children = (
				D9CA30C652E1F3BE47C1DE8C /* Pods-bmobyios.debug.xcconfig */,
				B77D994D97BC0913A4E441A9 /* Pods-bmobyios.release.xcconfig */,
			);
			name = Pods;
			sourceTree = "<group>";
		};
		870B6DAC1DAB9FD1004F193A /* createListing */ = {
			isa = PBXGroup;
			children = (
				870B6DAF1DABA060004F193A /* adressMapVC.swift */,
				87E74B321DABA1070058B281 /* createListing.storyboard */,
				87E74B341DABA1A70058B281 /* adressSearchTC.swift */,
				87E74B361DABA1E20058B281 /* annotationNSO.swift */,
				87E74B381DABA2150058B281 /* adressAnnotView.swift */,
			);
			name = createListing;
			sourceTree = "<group>";
		};
		979162E87EDE717863B21B9C /* Frameworks */ = {
			isa = PBXGroup;
			children = (
				1B230A8913B718AD508D7447 /* Pods_bmobyios.framework */,
			);
			name = Frameworks;
			sourceTree = "<group>";
		};
		F2EF88F61DA4F76D0099F1EE = {
			isa = PBXGroup;
			children = (
				F2EF89011DA4F76F0099F1EE /* bmobyios */,
				F2EF89001DA4F76E0099F1EE /* Products */,
				84B6C7AE9E98FC51B77C2BDE /* Pods */,
				979162E87EDE717863B21B9C /* Frameworks */,
			);
			sourceTree = "<group>";
		};
		F2EF89001DA4F76E0099F1EE /* Products */ = {
			isa = PBXGroup;
			children = (
				F2EF88FF1DA4F76E0099F1EE /* bmobyios.app */,
			);
			name = Products;
			sourceTree = "<group>";
		};
		F2EF89011DA4F76F0099F1EE /* bmobyios */ = {
			isa = PBXGroup;
			children = (
				870B6DAC1DAB9FD1004F193A /* createListing */,
				F2EF89021DA4F76F0099F1EE /* AppDelegate.swift */,
				F27C93E91DAB97C300FB5457 /* Main.storyboard */,
				F2EF89091DA4F76F0099F1EE /* Assets.xcassets */,
				F2EF890B1DA4F76F0099F1EE /* LaunchScreen.storyboard */,
				F2EF890E1DA4F76F0099F1EE /* Info.plist */,
				F2EF89171DA4F9CF0099F1EE /* ms */,
				F2EF89281DA4FC6E0099F1EE /* Framework */,
				F2438D2F1DAFC73100E41044 /* bmobyios-Bridging-Header.h */,
			);
			path = bmobyios;
			sourceTree = "<group>";
		};
		F2EF89171DA4F9CF0099F1EE /* ms */ = {
			isa = PBXGroup;
			children = (
				F27C93E21DAB92CE00FB5457 /* SignIn.storyboard */,
				F2EF89351DA56DCE0099F1EE /* registration3stepVC.swift */,
				F2EF892F1DA536CD0099F1EE /* registration2stepVC.swift */,
				F2EF892D1DA516890099F1EE /* registrationVC.swift */,
				F2EF89141DA4F94B0099F1EE /* connectionVC.swift */,
				F27C93CB1DA6551400FB5457 /* languageCellVC.swift */,
				F27C93D11DA6917E00FB5457 /* languageTVC.swift */,
				F27C93D31DA6BA2C00FB5457 /* language.swift */,
				F27C93D51DAA9D9800FB5457 /* user.swift */,
				F2438D321DAFD2D800E41044 /* homePage.swift */,
				F24F37841DB10F840044EED3 /* emailNotVerifiedVC.swift */,
				F24F37861DB600190044EED3 /* forgotVC.swift */,
			);
			name = ms;
			sourceTree = "<group>";
		};
		F2EF89281DA4FC6E0099F1EE /* Framework */ = {
			isa = PBXGroup;
			children = (
				F2EF89331DA542EA0099F1EE /* libsqlite3.tbd */,
				F2EF89311DA542D10099F1EE /* libz.tbd */,
				F2EF89291DA4FCE80099F1EE /* Bolts.framework */,
				F2EF892A1DA4FCE80099F1EE /* Parse.framework */,
				F2EF89261DA4FB530099F1EE /* AudioToolbox.framework */,
				F2EF89241DA4FB390099F1EE /* CFNetwork.framework */,
				F2EF89221DA4FB2E0099F1EE /* CoreGraphics.framework */,
				F2EF89201DA4FB140099F1EE /* CoreLocation.framework */,
				F2EF891E1DA4FB060099F1EE /* QuartzCore.framework */,
				F2EF891C1DA4FAF00099F1EE /* Security.framework */,
				F2EF891A1DA4FAE00099F1EE /* StoreKit.framework */,
				F2EF89181DA4FACC0099F1EE /* SystemConfiguration.framework */,
			);
			name = Framework;
			path = ..;
			sourceTree = "<group>";
		};
/* End PBXGroup section */

/* Begin PBXNativeTarget section */
		F2EF88FE1DA4F76E0099F1EE /* bmobyios */ = {
			isa = PBXNativeTarget;
			buildConfigurationList = F2EF89111DA4F76F0099F1EE /* Build configuration list for PBXNativeTarget "bmobyios" */;
			buildPhases = (
				A2EF653F5EDD2E2433BC67E2 /* [CP] Check Pods Manifest.lock */,
				F2EF88FB1DA4F76E0099F1EE /* Sources */,
				F2EF88FD1DA4F76E0099F1EE /* Resources */,
				F2EF88FC1DA4F76E0099F1EE /* Frameworks */,
				F85FF794AAFA4EBBA15BE620 /* [CP] Embed Pods Frameworks */,
				EF7DF51B303A1D8495FFE578 /* [CP] Copy Pods Resources */,
			);
			buildRules = (
			);
			dependencies = (
			);
			name = bmobyios;
			productName = bmobyios;
			productReference = F2EF88FF1DA4F76E0099F1EE /* bmobyios.app */;
			productType = "com.apple.product-type.application";
		};
/* End PBXNativeTarget section */

/* Begin PBXProject section */
		F2EF88F71DA4F76D0099F1EE /* Project object */ = {
			isa = PBXProject;
			attributes = {
				LastSwiftUpdateCheck = 0730;
				LastUpgradeCheck = 0730;
				ORGANIZATIONNAME = bmoby;
				TargetAttributes = {
					F2EF88FE1DA4F76E0099F1EE = {
						CreatedOnToolsVersion = 7.3.1;
						DevelopmentTeam = RQ8MG6H549;
					};
				};
			};
			buildConfigurationList = F2EF88FA1DA4F76D0099F1EE /* Build configuration list for PBXProject "bmobyios" */;
			compatibilityVersion = "Xcode 3.2";
			developmentRegion = English;
			hasScannedForEncodings = 0;
			knownRegions = (
				en,
				Base,
			);
			mainGroup = F2EF88F61DA4F76D0099F1EE;
			productRefGroup = F2EF89001DA4F76E0099F1EE /* Products */;
			projectDirPath = "";
			projectRoot = "";
			targets = (
				F2EF88FE1DA4F76E0099F1EE /* bmobyios */,
			);
		};
/* End PBXProject section */

/* Begin PBXResourcesBuildPhase section */
		F2EF88FD1DA4F76E0099F1EE /* Resources */ = {
			isa = PBXResourcesBuildPhase;
			buildActionMask = 2147483647;
			files = (
				87E74B331DABA1070058B281 /* createListing.storyboard in Resources */,
				F27C93E41DAB92CE00FB5457 /* SignIn.storyboard in Resources */,
				F2EF890D1DA4F76F0099F1EE /* LaunchScreen.storyboard in Resources */,
				F2EF890A1DA4F76F0099F1EE /* Assets.xcassets in Resources */,
				F27C93EA1DAB97C300FB5457 /* Main.storyboard in Resources */,
			);
			runOnlyForDeploymentPostprocessing = 0;
		};
/* End PBXResourcesBuildPhase section */

/* Begin PBXShellScriptBuildPhase section */
		A2EF653F5EDD2E2433BC67E2 /* [CP] Check Pods Manifest.lock */ = {
			isa = PBXShellScriptBuildPhase;
			buildActionMask = 2147483647;
			files = (
			);
			inputPaths = (
			);
			name = "[CP] Check Pods Manifest.lock";
			outputPaths = (
			);
			runOnlyForDeploymentPostprocessing = 0;
			shellPath = /bin/sh;
			shellScript = "diff \"${PODS_ROOT}/../Podfile.lock\" \"${PODS_ROOT}/Manifest.lock\" > /dev/null\nif [[ $? != 0 ]] ; then\n    cat << EOM\nerror: The sandbox is not in sync with the Podfile.lock. Run 'pod install' or update your CocoaPods installation.\nEOM\n    exit 1\nfi\n";
			showEnvVarsInLog = 0;
		};
		EF7DF51B303A1D8495FFE578 /* [CP] Copy Pods Resources */ = {
			isa = PBXShellScriptBuildPhase;
			buildActionMask = 2147483647;
			files = (
			);
			inputPaths = (
			);
			name = "[CP] Copy Pods Resources";
			outputPaths = (
			);
			runOnlyForDeploymentPostprocessing = 0;
			shellPath = /bin/sh;
			shellScript = "\"${SRCROOT}/Pods/Target Support Files/Pods-bmobyios/Pods-bmobyios-resources.sh\"\n";
			showEnvVarsInLog = 0;
		};
		F85FF794AAFA4EBBA15BE620 /* [CP] Embed Pods Frameworks */ = {
			isa = PBXShellScriptBuildPhase;
			buildActionMask = 2147483647;
			files = (
			);
			inputPaths = (
			);
			name = "[CP] Embed Pods Frameworks";
			outputPaths = (
			);
			runOnlyForDeploymentPostprocessing = 0;
			shellPath = /bin/sh;
			shellScript = "\"${SRCROOT}/Pods/Target Support Files/Pods-bmobyios/Pods-bmobyios-frameworks.sh\"\n";
			showEnvVarsInLog = 0;
		};
/* End PBXShellScriptBuildPhase section */

/* Begin PBXSourcesBuildPhase section */
		F2EF88FB1DA4F76E0099F1EE /* Sources */ = {
			isa = PBXSourcesBuildPhase;
			buildActionMask = 2147483647;
			files = (
				F27C93D21DA6917E00FB5457 /* languageTVC.swift in Sources */,
				F24F37851DB10F840044EED3 /* emailNotVerifiedVC.swift in Sources */,
				F2EF89151DA4F94B0099F1EE /* connectionVC.swift in Sources */,
				F24F37871DB600190044EED3 /* forgotVC.swift in Sources */,
				F2EF892E1DA516890099F1EE /* registrationVC.swift in Sources */,
				F27C93CC1DA6551400FB5457 /* languageCellVC.swift in Sources */,
				F2EF89301DA536CD0099F1EE /* registration2stepVC.swift in Sources */,
				87E74B371DABA1E20058B281 /* annotationNSO.swift in Sources */,
				870B6DB01DABA060004F193A /* adressMapVC.swift in Sources */,
				87E74B351DABA1A70058B281 /* adressSearchTC.swift in Sources */,
				F27C93D61DAA9D9800FB5457 /* user.swift in Sources */,
				F27C93D41DA6BA2C00FB5457 /* language.swift in Sources */,
				F2EF89031DA4F76F0099F1EE /* AppDelegate.swift in Sources */,
				87E74B391DABA2150058B281 /* adressAnnotView.swift in Sources */,
				F2EF89361DA56DCE0099F1EE /* registration3stepVC.swift in Sources */,
				F2438D331DAFD2D800E41044 /* homePage.swift in Sources */,
			);
			runOnlyForDeploymentPostprocessing = 0;
		};
/* End PBXSourcesBuildPhase section */

/* Begin PBXVariantGroup section */
		F27C93E21DAB92CE00FB5457 /* SignIn.storyboard */ = {
			isa = PBXVariantGroup;
			children = (
				F27C93E31DAB92CE00FB5457 /* Base */,
			);
			name = SignIn.storyboard;
			sourceTree = "<group>";
		};
		F2EF890B1DA4F76F0099F1EE /* LaunchScreen.storyboard */ = {
			isa = PBXVariantGroup;
			children = (
				F2EF890C1DA4F76F0099F1EE /* Base */,
			);
			name = LaunchScreen.storyboard;
			sourceTree = "<group>";
		};
/* End PBXVariantGroup section */

/* Begin XCBuildConfiguration section */
		F2EF890F1DA4F76F0099F1EE /* Debug */ = {
			isa = XCBuildConfiguration;
			buildSettings = {
				ALWAYS_SEARCH_USER_PATHS = NO;
				CLANG_ANALYZER_NONNULL = YES;
				CLANG_CXX_LANGUAGE_STANDARD = "gnu++0x";
				CLANG_CXX_LIBRARY = "libc++";
				CLANG_ENABLE_MODULES = YES;
				CLANG_ENABLE_OBJC_ARC = YES;
				CLANG_WARN_BOOL_CONVERSION = YES;
				CLANG_WARN_CONSTANT_CONVERSION = YES;
				CLANG_WARN_DIRECT_OBJC_ISA_USAGE = YES_ERROR;
				CLANG_WARN_EMPTY_BODY = YES;
				CLANG_WARN_ENUM_CONVERSION = YES;
				CLANG_WARN_INT_CONVERSION = YES;
				CLANG_WARN_OBJC_ROOT_CLASS = YES_ERROR;
				CLANG_WARN_UNREACHABLE_CODE = YES;
				CLANG_WARN__DUPLICATE_METHOD_MATCH = YES;
				"CODE_SIGN_IDENTITY[sdk=iphoneos*]" = "iPhone Developer";
				COPY_PHASE_STRIP = NO;
				DEBUG_INFORMATION_FORMAT = dwarf;
				ENABLE_STRICT_OBJC_MSGSEND = YES;
				ENABLE_TESTABILITY = YES;
				GCC_C_LANGUAGE_STANDARD = gnu99;
				GCC_DYNAMIC_NO_PIC = NO;
				GCC_NO_COMMON_BLOCKS = YES;
				GCC_OPTIMIZATION_LEVEL = 0;
				GCC_PREPROCESSOR_DEFINITIONS = (
					"DEBUG=1",
					"$(inherited)",
				);
				GCC_WARN_64_TO_32_BIT_CONVERSION = YES;
				GCC_WARN_ABOUT_RETURN_TYPE = YES_ERROR;
				GCC_WARN_UNDECLARED_SELECTOR = YES;
				GCC_WARN_UNINITIALIZED_AUTOS = YES_AGGRESSIVE;
				GCC_WARN_UNUSED_FUNCTION = YES;
				GCC_WARN_UNUSED_VARIABLE = YES;
				IPHONEOS_DEPLOYMENT_TARGET = 9.3;
				MTL_ENABLE_DEBUG_INFO = YES;
				ONLY_ACTIVE_ARCH = YES;
				SDKROOT = iphoneos;
				SWIFT_OPTIMIZATION_LEVEL = "-Onone";
			};
			name = Debug;
		};
		F2EF89101DA4F76F0099F1EE /* Release */ = {
			isa = XCBuildConfiguration;
			buildSettings = {
				ALWAYS_SEARCH_USER_PATHS = NO;
				CLANG_ANALYZER_NONNULL = YES;
				CLANG_CXX_LANGUAGE_STANDARD = "gnu++0x";
				CLANG_CXX_LIBRARY = "libc++";
				CLANG_ENABLE_MODULES = YES;
				CLANG_ENABLE_OBJC_ARC = YES;
				CLANG_WARN_BOOL_CONVERSION = YES;
				CLANG_WARN_CONSTANT_CONVERSION = YES;
				CLANG_WARN_DIRECT_OBJC_ISA_USAGE = YES_ERROR;
				CLANG_WARN_EMPTY_BODY = YES;
				CLANG_WARN_ENUM_CONVERSION = YES;
				CLANG_WARN_INT_CONVERSION = YES;
				CLANG_WARN_OBJC_ROOT_CLASS = YES_ERROR;
				CLANG_WARN_UNREACHABLE_CODE = YES;
				CLANG_WARN__DUPLICATE_METHOD_MATCH = YES;
				"CODE_SIGN_IDENTITY[sdk=iphoneos*]" = "iPhone Developer";
				COPY_PHASE_STRIP = NO;
				DEBUG_INFORMATION_FORMAT = "dwarf-with-dsym";
				ENABLE_NS_ASSERTIONS = NO;
				ENABLE_STRICT_OBJC_MSGSEND = YES;
				GCC_C_LANGUAGE_STANDARD = gnu99;
				GCC_NO_COMMON_BLOCKS = YES;
				GCC_WARN_64_TO_32_BIT_CONVERSION = YES;
				GCC_WARN_ABOUT_RETURN_TYPE = YES_ERROR;
				GCC_WARN_UNDECLARED_SELECTOR = YES;
				GCC_WARN_UNINITIALIZED_AUTOS = YES_AGGRESSIVE;
				GCC_WARN_UNUSED_FUNCTION = YES;
				GCC_WARN_UNUSED_VARIABLE = YES;
				IPHONEOS_DEPLOYMENT_TARGET = 9.3;
				MTL_ENABLE_DEBUG_INFO = NO;
				SDKROOT = iphoneos;
				VALIDATE_PRODUCT = YES;
			};
			name = Release;
		};
		F2EF89121DA4F76F0099F1EE /* Debug */ = {
			isa = XCBuildConfiguration;
			baseConfigurationReference = D9CA30C652E1F3BE47C1DE8C /* Pods-bmobyios.debug.xcconfig */;
			buildSettings = {
				CLANG_ENABLE_MODULES = YES;
				FRAMEWORK_SEARCH_PATHS = (
					"$(inherited)",
					"$(PROJECT_DIR)",
				);
				INFOPLIST_FILE = bmobyios/Info.plist;
				IPHONEOS_DEPLOYMENT_TARGET = 9.3;
				LD_RUNPATH_SEARCH_PATHS = "$(inherited) @executable_path/Frameworks";
				PRODUCT_BUNDLE_IDENTIFIER = os.bmobyios;
				PRODUCT_NAME = "$(TARGET_NAME)";
				SWIFT_OBJC_BRIDGING_HEADER = "bmobyios/bmobyios-Bridging-Header.h";
				SWIFT_OPTIMIZATION_LEVEL = "-Onone";
			};
			name = Debug;
		};
		F2EF89131DA4F76F0099F1EE /* Release */ = {
			isa = XCBuildConfiguration;
			baseConfigurationReference = B77D994D97BC0913A4E441A9 /* Pods-bmobyios.release.xcconfig */;
			buildSettings = {
				CLANG_ENABLE_MODULES = YES;
				FRAMEWORK_SEARCH_PATHS = (
					"$(inherited)",
					"$(PROJECT_DIR)",
				);
				INFOPLIST_FILE = bmobyios/Info.plist;
				IPHONEOS_DEPLOYMENT_TARGET = 9.3;
				LD_RUNPATH_SEARCH_PATHS = "$(inherited) @executable_path/Frameworks";
				PRODUCT_BUNDLE_IDENTIFIER = os.bmobyios;
				PRODUCT_NAME = "$(TARGET_NAME)";
				SWIFT_OBJC_BRIDGING_HEADER = "bmobyios/bmobyios-Bridging-Header.h";
			};
			name = Release;
		};
/* End XCBuildConfiguration section */

/* Begin XCConfigurationList section */
		F2EF88FA1DA4F76D0099F1EE /* Build configuration list for PBXProject "bmobyios" */ = {
			isa = XCConfigurationList;
			buildConfigurations = (
				F2EF890F1DA4F76F0099F1EE /* Debug */,
				F2EF89101DA4F76F0099F1EE /* Release */,
			);
			defaultConfigurationIsVisible = 0;
			defaultConfigurationName = Release;
		};
		F2EF89111DA4F76F0099F1EE /* Build configuration list for PBXNativeTarget "bmobyios" */ = {
			isa = XCConfigurationList;
			buildConfigurations = (
				F2EF89121DA4F76F0099F1EE /* Debug */,
				F2EF89131DA4F76F0099F1EE /* Release */,
			);
			defaultConfigurationIsVisible = 0;
			defaultConfigurationName = Release;
		};
/* End XCConfigurationList section */
	};
	rootObject = F2EF88F71DA4F76D0099F1EE /* Project object */;
}
